// !$*UTF8*$!
{
	archiveVersion = 1;
	classes = {
	};
	objectVersion = 50;
	objects = {

/* Begin PBXBuildFile section */
		3ED9A71326CEE6E900966143 /* AppDelegate.swift in Sources */ = {isa = PBXBuildFile; fileRef = 3ED9A71226CEE6E900966143 /* AppDelegate.swift */; };
		3ED9A71526CEE6E900966143 /* SceneDelegate.swift in Sources */ = {isa = PBXBuildFile; fileRef = 3ED9A71426CEE6E900966143 /* SceneDelegate.swift */; };
		3ED9A71726CEE6E900966143 /* MainCharacterList.swift in Sources */ = {isa = PBXBuildFile; fileRef = 3ED9A71626CEE6E900966143 /* MainCharacterList.swift */; };
		3ED9A71A26CEE6E900966143 /* Main.storyboard in Resources */ = {isa = PBXBuildFile; fileRef = 3ED9A71826CEE6E900966143 /* Main.storyboard */; };
		3ED9A71C26CEE6EA00966143 /* Assets.xcassets in Resources */ = {isa = PBXBuildFile; fileRef = 3ED9A71B26CEE6EA00966143 /* Assets.xcassets */; };
		3ED9A71F26CEE6EA00966143 /* LaunchScreen.storyboard in Resources */ = {isa = PBXBuildFile; fileRef = 3ED9A71D26CEE6EA00966143 /* LaunchScreen.storyboard */; };
		3ED9A72726CEE84F00966143 /* NetworkingService.swift in Sources */ = {isa = PBXBuildFile; fileRef = 3ED9A72626CEE84F00966143 /* NetworkingService.swift */; };
		3ED9A72926CEF32D00966143 /* CharacterTableViewCell.swift in Sources */ = {isa = PBXBuildFile; fileRef = 3ED9A72826CEF32D00966143 /* CharacterTableViewCell.swift */; };
/* End PBXBuildFile section */

/* Begin PBXFileReference section */
		3ED9A70F26CEE6E900966143 /* BreakingBadList.app */ = {isa = PBXFileReference; explicitFileType = wrapper.application; includeInIndex = 0; path = BreakingBadList.app; sourceTree = BUILT_PRODUCTS_DIR; };
		3ED9A71226CEE6E900966143 /* AppDelegate.swift */ = {isa = PBXFileReference; lastKnownFileType = sourcecode.swift; path = AppDelegate.swift; sourceTree = "<group>"; };
		3ED9A71426CEE6E900966143 /* SceneDelegate.swift */ = {isa = PBXFileReference; lastKnownFileType = sourcecode.swift; path = SceneDelegate.swift; sourceTree = "<group>"; };
		3ED9A71626CEE6E900966143 /* MainCharacterList.swift */ = {isa = PBXFileReference; lastKnownFileType = sourcecode.swift; path = MainCharacterList.swift; sourceTree = "<group>"; };
		3ED9A71926CEE6E900966143 /* Base */ = {isa = PBXFileReference; lastKnownFileType = file.storyboard; name = Base; path = Base.lproj/Main.storyboard; sourceTree = "<group>"; };
		3ED9A71B26CEE6EA00966143 /* Assets.xcassets */ = {isa = PBXFileReference; lastKnownFileType = folder.assetcatalog; path = Assets.xcassets; sourceTree = "<group>"; };
		3ED9A71E26CEE6EA00966143 /* Base */ = {isa = PBXFileReference; lastKnownFileType = file.storyboard; name = Base; path = Base.lproj/LaunchScreen.storyboard; sourceTree = "<group>"; };
		3ED9A72026CEE6EA00966143 /* Info.plist */ = {isa = PBXFileReference; lastKnownFileType = text.plist.xml; path = Info.plist; sourceTree = "<group>"; };
		3ED9A72626CEE84F00966143 /* NetworkingService.swift */ = {isa = PBXFileReference; lastKnownFileType = sourcecode.swift; path = NetworkingService.swift; sourceTree = "<group>"; };
		3ED9A72826CEF32D00966143 /* CharacterTableViewCell.swift */ = {isa = PBXFileReference; lastKnownFileType = sourcecode.swift; path = CharacterTableViewCell.swift; sourceTree = "<group>"; };
/* End PBXFileReference section */

/* Begin PBXFrameworksBuildPhase section */
		3ED9A70C26CEE6E900966143 /* Frameworks */ = {
			isa = PBXFrameworksBuildPhase;
			buildActionMask = 2147483647;
			files = (
			);
			runOnlyForDeploymentPostprocessing = 0;
		};
/* End PBXFrameworksBuildPhase section */

/* Begin PBXGroup section */
		3ED9A70626CEE6E900966143 = {
			isa = PBXGroup;
			children = (
				3ED9A71126CEE6E900966143 /* BreakingBadList */,
				3ED9A71026CEE6E900966143 /* Products */,
			);
			sourceTree = "<group>";
		};
		3ED9A71026CEE6E900966143 /* Products */ = {
			isa = PBXGroup;
			children = (
				3ED9A70F26CEE6E900966143 /* BreakingBadList.app */,
			);
			name = Products;
			sourceTree = "<group>";
		};
		3ED9A71126CEE6E900966143 /* BreakingBadList */ = {
			isa = PBXGroup;
			children = (
				3ED9A71226CEE6E900966143 /* AppDelegate.swift */,
				3ED9A71426CEE6E900966143 /* SceneDelegate.swift */,
				3ED9A71626CEE6E900966143 /* MainCharacterList.swift */,
				3ED9A72626CEE84F00966143 /* NetworkingService.swift */,
				3ED9A72826CEF32D00966143 /* CharacterTableViewCell.swift */,
				3ED9A71826CEE6E900966143 /* Main.storyboard */,
				3ED9A71B26CEE6EA00966143 /* Assets.xcassets */,
				3ED9A71D26CEE6EA00966143 /* LaunchScreen.storyboard */,
				3ED9A72026CEE6EA00966143 /* Info.plist */,
			);
			path = BreakingBadList;
			sourceTree = "<group>";
		};
/* End PBXGroup section */

/* Begin PBXNativeTarget section */
		3ED9A70E26CEE6E900966143 /* BreakingBadList */ = {
			isa = PBXNativeTarget;
			buildConfigurationList = 3ED9A72326CEE6EA00966143 /* Build configuration list for PBXNativeTarget "BreakingBadList" */;
			buildPhases = (
				3ED9A70B26CEE6E900966143 /* Sources */,
				3ED9A70C26CEE6E900966143 /* Frameworks */,
				3ED9A70D26CEE6E900966143 /* Resources */,
			);
			buildRules = (
			);
			dependencies = (
			);
			name = BreakingBadList;
			productName = BreakingBadList;
			productReference = 3ED9A70F26CEE6E900966143 /* BreakingBadList.app */;
			productType = "com.apple.product-type.application";
		};
/* End PBXNativeTarget section */

/* Begin PBXProject section */
		3ED9A70726CEE6E900966143 /* Project object */ = {
			isa = PBXProject;
			attributes = {
				LastSwiftUpdateCheck = 1250;
				LastUpgradeCheck = 1250;
				TargetAttributes = {
					3ED9A70E26CEE6E900966143 = {
						CreatedOnToolsVersion = 12.5.1;
					};
				};
			};
			buildConfigurationList = 3ED9A70A26CEE6E900966143 /* Build configuration list for PBXProject "BreakingBadList" */;
			compatibilityVersion = "Xcode 9.3";
			developmentRegion = en;
			hasScannedForEncodings = 0;
			knownRegions = (
				en,
				Base,
			);
			mainGroup = 3ED9A70626CEE6E900966143;
			productRefGroup = 3ED9A71026CEE6E900966143 /* Products */;
			projectDirPath = "";
			projectRoot = "";
			targets = (
				3ED9A70E26CEE6E900966143 /* BreakingBadList */,
			);
		};
/* End PBXProject section */

/* Begin PBXResourcesBuildPhase section */
		3ED9A70D26CEE6E900966143 /* Resources */ = {
			isa = PBXResourcesBuildPhase;
			buildActionMask = 2147483647;
			files = (
				3ED9A71F26CEE6EA00966143 /* LaunchScreen.storyboard in Resources */,
				3ED9A71C26CEE6EA00966143 /* Assets.xcassets in Resources */,
				3ED9A71A26CEE6E900966143 /* Main.storyboard in Resources */,
			);
			runOnlyForDeploymentPostprocessing = 0;
		};
/* End PBXResourcesBuildPhase section */

/* Begin PBXSourcesBuildPhase section */
		3ED9A70B26CEE6E900966143 /* Sources */ = {
			isa = PBXSourcesBuildPhase;
			buildActionMask = 2147483647;
			files = (
				3ED9A72926CEF32D00966143 /* CharacterTableViewCell.swift in Sources */,
				3ED9A71726CEE6E900966143 /* MainCharacterList.swift in Sources */,
				3ED9A71326CEE6E900966143 /* AppDelegate.swift in Sources */,
				3ED9A71526CEE6E900966143 /* SceneDelegate.swift in Sources */,
				3ED9A72726CEE84F00966143 /* NetworkingService.swift in Sources */,
			);
			runOnlyForDeploymentPostprocessing = 0;
		};
/* End PBXSourcesBuildPhase section */

/* Begin PBXVariantGroup section */
		3ED9A71826CEE6E900966143 /* Main.storyboard */ = {
			isa = PBXVariantGroup;
			children = (
				3ED9A71926CEE6E900966143 /* Base */,
			);
			name = Main.storyboard;
			sourceTree = "<group>";
		};
		3ED9A71D26CEE6EA00966143 /* LaunchScreen.storyboard */ = {
			isa = PBXVariantGroup;
			children = (
				3ED9A71E26CEE6EA00966143 /* Base */,
			);
			name = LaunchScreen.storyboard;
			sourceTree = "<group>";
		};
/* End PBXVariantGroup section */

/* Begin XCBuildConfiguration section */
		3ED9A72126CEE6EA00966143 /* Debug */ = {
			isa = XCBuildConfiguration;
			buildSettings = {
				ALWAYS_SEARCH_USER_PATHS = NO;
				CLANG_ANALYZER_NONNULL = YES;
				CLANG_ANALYZER_NUMBER_OBJECT_CONVERSION = YES_AGGRESSIVE;
				CLANG_CXX_LANGUAGE_STANDARD = "gnu++14";
				CLANG_CXX_LIBRARY = "libc++";
				CLANG_ENABLE_MODULES = YES;
				CLANG_ENABLE_OBJC_ARC = YES;
				CLANG_ENABLE_OBJC_WEAK = YES;
				CLANG_WARN_BLOCK_CAPTURE_AUTORELEASING = YES;
				CLANG_WARN_BOOL_CONVERSION = YES;
				CLANG_WARN_COMMA = YES;
				CLANG_WARN_CONSTANT_CONVERSION = YES;
				CLANG_WARN_DEPRECATED_OBJC_IMPLEMENTATIONS = YES;
				CLANG_WARN_DIRECT_OBJC_ISA_USAGE = YES_ERROR;
				CLANG_WARN_DOCUMENTATION_COMMENTS = YES;
				CLANG_WARN_EMPTY_BODY = YES;
				CLANG_WARN_ENUM_CONVERSION = YES;
				CLANG_WARN_INFINITE_RECURSION = YES;
				CLANG_WARN_INT_CONVERSION = YES;
				CLANG_WARN_NON_LITERAL_NULL_CONVERSION = YES;
				CLANG_WARN_OBJC_IMPLICIT_RETAIN_SELF = YES;
				CLANG_WARN_OBJC_LITERAL_CONVERSION = YES;
				CLANG_WARN_OBJC_ROOT_CLASS = YES_ERROR;
				CLANG_WARN_QUOTED_INCLUDE_IN_FRAMEWORK_HEADER = YES;
				CLANG_WARN_RANGE_LOOP_ANALYSIS = YES;
				CLANG_WARN_STRICT_PROTOTYPES = YES;
				CLANG_WARN_SUSPICIOUS_MOVE = YES;
				CLANG_WARN_UNGUARDED_AVAILABILITY = YES_AGGRESSIVE;
				CLANG_WARN_UNREACHABLE_CODE = YES;
				CLANG_WARN__DUPLICATE_METHOD_MATCH = YES;
				COPY_PHASE_STRIP = NO;
				DEBUG_INFORMATION_FORMAT = dwarf;
				ENABLE_STRICT_OBJC_MSGSEND = YES;
				ENABLE_TESTABILITY = YES;
				GCC_C_LANGUAGE_STANDARD = gnu11;
				GCC_DYNAMIC_NO_PIC = NO;
				GCC_NO_COMMON_BLOCKS = YES;
				GCC_OPTIMIZATION_LEVEL = 0;
				GCC_PREPROCESSOR_DEFINITIONS = (
					"DEBUG=1",
					"$(inherited)",
				);
				GCC_WARN_64_TO_32_BIT_CONVERSION = YES;
				GCC_WARN_ABOUT_RETURN_TYPE = YES_ERROR;
				GCC_WARN_UNDECLARED_SELECTOR = YES;
				GCC_WARN_UNINITIALIZED_AUTOS = YES_AGGRESSIVE;
				GCC_WARN_UNUSED_FUNCTION = YES;
				GCC_WARN_UNUSED_VARIABLE = YES;
				IPHONEOS_DEPLOYMENT_TARGET = 14.5;
				MTL_ENABLE_DEBUG_INFO = INCLUDE_SOURCE;
				MTL_FAST_MATH = YES;
				ONLY_ACTIVE_ARCH = YES;
				SDKROOT = iphoneos;
				SWIFT_ACTIVE_COMPILATION_CONDITIONS = DEBUG;
				SWIFT_OPTIMIZATION_LEVEL = "-Onone";
			};
			name = Debug;
		};
		3ED9A72226CEE6EA00966143 /* Release */ = {
			isa = XCBuildConfiguration;
			buildSettings = {
				ALWAYS_SEARCH_USER_PATHS = NO;
				CLANG_ANALYZER_NONNULL = YES;
				CLANG_ANALYZER_NUMBER_OBJECT_CONVERSION = YES_AGGRESSIVE;
				CLANG_CXX_LANGUAGE_STANDARD = "gnu++14";
				CLANG_CXX_LIBRARY = "libc++";
				CLANG_ENABLE_MODULES = YES;
				CLANG_ENABLE_OBJC_ARC = YES;
				CLANG_ENABLE_OBJC_WEAK = YES;
				CLANG_WARN_BLOCK_CAPTURE_AUTORELEASING = YES;
				CLANG_WARN_BOOL_CONVERSION = YES;
				CLANG_WARN_COMMA = YES;
				CLANG_WARN_CONSTANT_CONVERSION = YES;
				CLANG_WARN_DEPRECATED_OBJC_IMPLEMENTATIONS = YES;
				CLANG_WARN_DIRECT_OBJC_ISA_USAGE = YES_ERROR;
				CLANG_WARN_DOCUMENTATION_COMMENTS = YES;
				CLANG_WARN_EMPTY_BODY = YES;
				CLANG_WARN_ENUM_CONVERSION = YES;
				CLANG_WARN_INFINITE_RECURSION = YES;
				CLANG_WARN_INT_CONVERSION = YES;
				CLANG_WARN_NON_LITERAL_NULL_CONVERSION = YES;
				CLANG_WARN_OBJC_IMPLICIT_RETAIN_SELF = YES;
				CLANG_WARN_OBJC_LITERAL_CONVERSION = YES;
				CLANG_WARN_OBJC_ROOT_CLASS = YES_ERROR;
				CLANG_WARN_QUOTED_INCLUDE_IN_FRAMEWORK_HEADER = YES;
				CLANG_WARN_RANGE_LOOP_ANALYSIS = YES;
				CLANG_WARN_STRICT_PROTOTYPES = YES;
				CLANG_WARN_SUSPICIOUS_MOVE = YES;
				CLANG_WARN_UNGUARDED_AVAILABILITY = YES_AGGRESSIVE;
				CLANG_WARN_UNREACHABLE_CODE = YES;
				CLANG_WARN__DUPLICATE_METHOD_MATCH = YES;
				COPY_PHASE_STRIP = NO;
				DEBUG_INFORMATION_FORMAT = "dwarf-with-dsym";
				ENABLE_NS_ASSERTIONS = NO;
				ENABLE_STRICT_OBJC_MSGSEND = YES;
				GCC_C_LANGUAGE_STANDARD = gnu11;
				GCC_NO_COMMON_BLOCKS = YES;
				GCC_WARN_64_TO_32_BIT_CONVERSION = YES;
				GCC_WARN_ABOUT_RETURN_TYPE = YES_ERROR;
				GCC_WARN_UNDECLARED_SELECTOR = YES;
				GCC_WARN_UNINITIALIZED_AUTOS = YES_AGGRESSIVE;
				GCC_WARN_UNUSED_FUNCTION = YES;
				GCC_WARN_UNUSED_VARIABLE = YES;
				IPHONEOS_DEPLOYMENT_TARGET = 14.5;
				MTL_ENABLE_DEBUG_INFO = NO;
				MTL_FAST_MATH = YES;
				SDKROOT = iphoneos;
				SWIFT_COMPILATION_MODE = wholemodule;
				SWIFT_OPTIMIZATION_LEVEL = "-O";
				VALIDATE_PRODUCT = YES;
			};
			name = Release;
		};
		3ED9A72426CEE6EA00966143 /* Debug */ = {
			isa = XCBuildConfiguration;
			buildSettings = {
				ASSETCATALOG_COMPILER_APPICON_NAME = AppIcon;
				ASSETCATALOG_COMPILER_GLOBAL_ACCENT_COLOR_NAME = AccentColor;
				CODE_SIGN_STYLE = Automatic;
				DEVELOPMENT_TEAM = G8698E29VZ;
				INFOPLIST_FILE = BreakingBadList/Info.plist;
				LD_RUNPATH_SEARCH_PATHS = (
					"$(inherited)",
					"@executable_path/Frameworks",
				);
				PRODUCT_BUNDLE_IDENTIFIER = com.laradevelopment.BreakingBadList;
				PRODUCT_NAME = "$(TARGET_NAME)";
				SWIFT_VERSION = 5.0;
				TARGETED_DEVICE_FAMILY = "1,2";
			};
			name = Debug;
		};
		3ED9A72526CEE6EA00966143 /* Release */ = {
			isa = XCBuildConfiguration;
			buildSettings = {
				ASSETCATALOG_COMPILER_APPICON_NAME = AppIcon;
				ASSETCATALOG_COMPILER_GLOBAL_ACCENT_COLOR_NAME = AccentColor;
				CODE_SIGN_STYLE = Automatic;
				DEVELOPMENT_TEAM = G8698E29VZ;
				INFOPLIST_FILE = BreakingBadList/Info.plist;
				LD_RUNPATH_SEARCH_PATHS = (
					"$(inherited)",
					"@executable_path/Frameworks",
				);
				PRODUCT_BUNDLE_IDENTIFIER = com.laradevelopment.BreakingBadList;
				PRODUCT_NAME = "$(TARGET_NAME)";
				SWIFT_VERSION = 5.0;
				TARGETED_DEVICE_FAMILY = "1,2";
			};
			name = Release;
		};
/* End XCBuildConfiguration section */

/* Begin XCConfigurationList section */
		3ED9A70A26CEE6E900966143 /* Build configuration list for PBXProject "BreakingBadList" */ = {
			isa = XCConfigurationList;
			buildConfigurations = (
				3ED9A72126CEE6EA00966143 /* Debug */,
				3ED9A72226CEE6EA00966143 /* Release */,
			);
			defaultConfigurationIsVisible = 0;
			defaultConfigurationName = Release;
		};
		3ED9A72326CEE6EA00966143 /* Build configuration list for PBXNativeTarget "BreakingBadList" */ = {
			isa = XCConfigurationList;
			buildConfigurations = (
				3ED9A72426CEE6EA00966143 /* Debug */,
				3ED9A72526CEE6EA00966143 /* Release */,
			);
			defaultConfigurationIsVisible = 0;
			defaultConfigurationName = Release;
		};
/* End XCConfigurationList section */
	};
	rootObject = 3ED9A70726CEE6E900966143 /* Project object */;
}
